
Microsoft Visual Studio Solution File, Format Version 12.00
# Visual Studio Version 16
VisualStudioVersion = 16.0.31729.503
MinimumVisualStudioVersion = 10.0.40219.1
Project("{8BC9CEB8-8B4A-11D0-8D11-00A0C91BC942}") = "CMP比较指令", "CMP比较指令\CMP比较指令.vcxproj", "{DE10D0D5-3590-4F0F-AA55-135123C529E2}"
EndProject
Global
	GlobalSection(SolutionConfigurationPlatforms) = preSolution
		Debug|x64 = Debug|x64
		Debug|x86 = Debug|x86
		Release|x64 = Release|x64
		Release|x86 = Release|x86
	EndGlobalSection
	GlobalSection(ProjectConfigurationPlatforms) = postSolution
		{DE10D0D5-3590-4F0F-AA55-135123C529E2}.Debug|x64.ActiveCfg = Debug|x64
		{DE10D0D5-3590-4F0F-AA55-135123C529E2}.Debug|x64.Build.0 = Debug|x64
		{DE10D0D5-3590-4F0F-AA55-135123C529E2}.Debug|x86.ActiveCfg = Debug|Win32
		{DE10D0D5-3590-4F0F-AA55-135123C529E2}.Debug|x86.Build.0 = Debug|Win32
		{DE10D0D5-3590-4F0F-AA55-135123C529E2}.Release|x64.ActiveCfg = Release|x64
		{DE10D0D5-3590-4F0F-AA55-135123C529E2}.Release|x64.Build.0 = Release|x64
		{DE10D0D5-3590-4F0F-AA55-135123C529E2}.Release|x86.ActiveCfg = Release|Win32
		{DE10D0D5-3590-4F0F-AA55-135123C529E2}.Release|x86.Build.0 = Release|Win32
	EndGlobalSection
	GlobalSection(SolutionProperties) = preSolution
		HideSolutionNode = FALSE
	EndGlobalSection
	GlobalSection(ExtensibilityGlobals) = postSolution
		SolutionGuid = {F54E3AA8-A911-461D-A29B-B924DDE97D3C}
	EndGlobalSection
EndGlobal
